// !$*UTF8*$!
{
	archiveVersion = 1;
	classes = {
	};
	objectVersion = 50;
	objects = {

/* Begin PBXBuildFile section */
		918358B320CE77CC006F886E /* AppDelegate.swift in Sources */ = {isa = PBXBuildFile; fileRef = 918358B220CE77CC006F886E /* AppDelegate.swift */; };
		918358B520CE77CC006F886E /* ViewController.swift in Sources */ = {isa = PBXBuildFile; fileRef = 918358B420CE77CC006F886E /* ViewController.swift */; };
		918358B820CE77CC006F886E /* Main.storyboard in Resources */ = {isa = PBXBuildFile; fileRef = 918358B620CE77CC006F886E /* Main.storyboard */; };
		918358BA20CE77CD006F886E /* Assets.xcassets in Resources */ = {isa = PBXBuildFile; fileRef = 918358B920CE77CD006F886E /* Assets.xcassets */; };
		918358BD20CE77CD006F886E /* LaunchScreen.storyboard in Resources */ = {isa = PBXBuildFile; fileRef = 918358BB20CE77CD006F886E /* LaunchScreen.storyboard */; };
		B185721A319A31057545D878 /* Pods_SectionSelect.framework in Frameworks */ = {isa = PBXBuildFile; fileRef = 6FC62655E9CC3F1917F3379E /* Pods_SectionSelect.framework */; };
/* End PBXBuildFile section */

/* Begin PBXFileReference section */
		550FED3D36A067DAF44FB9A9 /* Pods-SectionSelect.debug.xcconfig */ = {isa = PBXFileReference; includeInIndex = 1; lastKnownFileType = text.xcconfig; name = "Pods-SectionSelect.debug.xcconfig"; path = "Pods/Target Support Files/Pods-SectionSelect/Pods-SectionSelect.debug.xcconfig"; sourceTree = "<group>"; };
		6FC62655E9CC3F1917F3379E /* Pods_SectionSelect.framework */ = {isa = PBXFileReference; explicitFileType = wrapper.framework; includeInIndex = 0; path = Pods_SectionSelect.framework; sourceTree = BUILT_PRODUCTS_DIR; };
		918358AF20CE77CC006F886E /* SectionSelect.app */ = {isa = PBXFileReference; explicitFileType = wrapper.application; includeInIndex = 0; path = SectionSelect.app; sourceTree = BUILT_PRODUCTS_DIR; };
		918358B220CE77CC006F886E /* AppDelegate.swift */ = {isa = PBXFileReference; lastKnownFileType = sourcecode.swift; path = AppDelegate.swift; sourceTree = "<group>"; };
		918358B420CE77CC006F886E /* ViewController.swift */ = {isa = PBXFileReference; lastKnownFileType = sourcecode.swift; path = ViewController.swift; sourceTree = "<group>"; };
		918358B720CE77CC006F886E /* Base */ = {isa = PBXFileReference; lastKnownFileType = file.storyboard; name = Base; path = Base.lproj/Main.storyboard; sourceTree = "<group>"; };
		918358B920CE77CD006F886E /* Assets.xcassets */ = {isa = PBXFileReference; lastKnownFileType = folder.assetcatalog; path = Assets.xcassets; sourceTree = "<group>"; };
		918358BC20CE77CD006F886E /* Base */ = {isa = PBXFileReference; lastKnownFileType = file.storyboard; name = Base; path = Base.lproj/LaunchScreen.storyboard; sourceTree = "<group>"; };
		918358BE20CE77CD006F886E /* Info.plist */ = {isa = PBXFileReference; lastKnownFileType = text.plist.xml; path = Info.plist; sourceTree = "<group>"; };
		A4963FFAD065E5943F0E3242 /* Pods-SectionSelect.release.xcconfig */ = {isa = PBXFileReference; includeInIndex = 1; lastKnownFileType = text.xcconfig; name = "Pods-SectionSelect.release.xcconfig"; path = "Pods/Target Support Files/Pods-SectionSelect/Pods-SectionSelect.release.xcconfig"; sourceTree = "<group>"; };
/* End PBXFileReference section */

/* Begin PBXFrameworksBuildPhase section */
		918358AC20CE77CC006F886E /* Frameworks */ = {
			isa = PBXFrameworksBuildPhase;
			buildActionMask = 2147483647;
			files = (
				B185721A319A31057545D878 /* Pods_SectionSelect.framework in Frameworks */,
			);
			runOnlyForDeploymentPostprocessing = 0;
		};
/* End PBXFrameworksBuildPhase section */

/* Begin PBXGroup section */
		2A9EC2649CE0766274FD816A /* Pods */ = {
			isa = PBXGroup;
			children = (
				550FED3D36A067DAF44FB9A9 /* Pods-SectionSelect.debug.xcconfig */,
				A4963FFAD065E5943F0E3242 /* Pods-SectionSelect.release.xcconfig */,
			);
			name = Pods;
			sourceTree = "<group>";
		};
		5E54CAC445BBD71C09AF9BEC /* Frameworks */ = {
			isa = PBXGroup;
			children = (
				6FC62655E9CC3F1917F3379E /* Pods_SectionSelect.framework */,
			);
			name = Frameworks;
			sourceTree = "<group>";
		};
		918358A620CE77CC006F886E = {
			isa = PBXGroup;
			children = (
				918358B120CE77CC006F886E /* SectionSelect */,
				918358B020CE77CC006F886E /* Products */,
				2A9EC2649CE0766274FD816A /* Pods */,
				5E54CAC445BBD71C09AF9BEC /* Frameworks */,
			);
			sourceTree = "<group>";
		};
		918358B020CE77CC006F886E /* Products */ = {
			isa = PBXGroup;
			children = (
				918358AF20CE77CC006F886E /* SectionSelect.app */,
			);
			name = Products;
			sourceTree = "<group>";
		};
		918358B120CE77CC006F886E /* SectionSelect */ = {
			isa = PBXGroup;
			children = (
				918358B220CE77CC006F886E /* AppDelegate.swift */,
				918358B420CE77CC006F886E /* ViewController.swift */,
				918358B620CE77CC006F886E /* Main.storyboard */,
				918358B920CE77CD006F886E /* Assets.xcassets */,
				918358BB20CE77CD006F886E /* LaunchScreen.storyboard */,
				918358BE20CE77CD006F886E /* Info.plist */,
			);
			path = SectionSelect;
			sourceTree = "<group>";
		};
/* End PBXGroup section */

/* Begin PBXNativeTarget section */
		918358AE20CE77CC006F886E /* SectionSelect */ = {
			isa = PBXNativeTarget;
			buildConfigurationList = 918358C120CE77CD006F886E /* Build configuration list for PBXNativeTarget "SectionSelect" */;
			buildPhases = (
				F95EB78ADA46E4CD34A3A5D1 /* [CP] Check Pods Manifest.lock */,
				918358AB20CE77CC006F886E /* Sources */,
				918358AC20CE77CC006F886E /* Frameworks */,
				918358AD20CE77CC006F886E /* Resources */,
				607DA83A886F9E241D1A1E6E /* [CP] Embed Pods Frameworks */,
			);
			buildRules = (
			);
			dependencies = (
			);
			name = SectionSelect;
			productName = SectionSelect;
			productReference = 918358AF20CE77CC006F886E /* SectionSelect.app */;
			productType = "com.apple.product-type.application";
		};
/* End PBXNativeTarget section */

/* Begin PBXProject section */
		918358A720CE77CC006F886E /* Project object */ = {
			isa = PBXProject;
			attributes = {
				LastSwiftUpdateCheck = 0940;
				LastUpgradeCheck = 0940;
				ORGANIZATIONNAME = DianQK;
				TargetAttributes = {
					918358AE20CE77CC006F886E = {
						CreatedOnToolsVersion = 9.4;
					};
				};
			};
			buildConfigurationList = 918358AA20CE77CC006F886E /* Build configuration list for PBXProject "SectionSelect" */;
			compatibilityVersion = "Xcode 9.3";
			developmentRegion = en;
			hasScannedForEncodings = 0;
			knownRegions = (
				en,
				Base,
			);
			mainGroup = 918358A620CE77CC006F886E;
			productRefGroup = 918358B020CE77CC006F886E /* Products */;
			projectDirPath = "";
			projectRoot = "";
			targets = (
				918358AE20CE77CC006F886E /* SectionSelect */,
			);
		};
/* End PBXProject section */

/* Begin PBXResourcesBuildPhase section */
		918358AD20CE77CC006F886E /* Resources */ = {
			isa = PBXResourcesBuildPhase;
			buildActionMask = 2147483647;
			files = (
				918358BD20CE77CD006F886E /* LaunchScreen.storyboard in Resources */,
				918358BA20CE77CD006F886E /* Assets.xcassets in Resources */,
				918358B820CE77CC006F886E /* Main.storyboard in Resources */,
			);
			runOnlyForDeploymentPostprocessing = 0;
		};
/* End PBXResourcesBuildPhase section */

/* Begin PBXShellScriptBuildPhase section */
		607DA83A886F9E241D1A1E6E /* [CP] Embed Pods Frameworks */ = {
			isa = PBXShellScriptBuildPhase;
			buildActionMask = 2147483647;
			files = (
			);
			inputPaths = (
				"${SRCROOT}/Pods/Target Support Files/Pods-SectionSelect/Pods-SectionSelect-frameworks.sh",
				"${BUILT_PRODUCTS_DIR}/Differentiator/Differentiator.framework",
				"${BUILT_PRODUCTS_DIR}/Flix/Flix.framework",
				"${BUILT_PRODUCTS_DIR}/RxCocoa/RxCocoa.framework",
				"${BUILT_PRODUCTS_DIR}/RxDataSources/RxDataSources.framework",
				"${BUILT_PRODUCTS_DIR}/RxSwift/RxSwift.framework",
				"${BUILT_PRODUCTS_DIR}/SnapKit/SnapKit.framework",
			);
			name = "[CP] Embed Pods Frameworks";
			outputPaths = (
				"${TARGET_BUILD_DIR}/${FRAMEWORKS_FOLDER_PATH}/Differentiator.framework",
				"${TARGET_BUILD_DIR}/${FRAMEWORKS_FOLDER_PATH}/Flix.framework",
				"${TARGET_BUILD_DIR}/${FRAMEWORKS_FOLDER_PATH}/RxCocoa.framework",
				"${TARGET_BUILD_DIR}/${FRAMEWORKS_FOLDER_PATH}/RxDataSources.framework",
				"${TARGET_BUILD_DIR}/${FRAMEWORKS_FOLDER_PATH}/RxSwift.framework",
				"${TARGET_BUILD_DIR}/${FRAMEWORKS_FOLDER_PATH}/SnapKit.framework",
			);
			runOnlyForDeploymentPostprocessing = 0;
			shellPath = /bin/sh;
			shellScript = "\"${SRCROOT}/Pods/Target Support Files/Pods-SectionSelect/Pods-SectionSelect-frameworks.sh\"\n";
			showEnvVarsInLog = 0;
		};
		F95EB78ADA46E4CD34A3A5D1 /* [CP] Check Pods Manifest.lock */ = {
			isa = PBXShellScriptBuildPhase;
			buildActionMask = 2147483647;
			files = (
			);
			inputPaths = (
				"${PODS_PODFILE_DIR_PATH}/Podfile.lock",
				"${PODS_ROOT}/Manifest.lock",
			);
			name = "[CP] Check Pods Manifest.lock";
			outputPaths = (
				"$(DERIVED_FILE_DIR)/Pods-SectionSelect-checkManifestLockResult.txt",
			);
			runOnlyForDeploymentPostprocessing = 0;
			shellPath = /bin/sh;
			shellScript = "diff \"${PODS_PODFILE_DIR_PATH}/Podfile.lock\" \"${PODS_ROOT}/Manifest.lock\" > /dev/null\nif [ $? != 0 ] ; then\n    # print error to STDERR\n    echo \"error: The sandbox is not in sync with the Podfile.lock. Run 'pod install' or update your CocoaPods installation.\" >&2\n    exit 1\nfi\n# This output is used by Xcode 'outputs' to avoid re-running this script phase.\necho \"SUCCESS\" > \"${SCRIPT_OUTPUT_FILE_0}\"\n";
			showEnvVarsInLog = 0;
		};
/* End PBXShellScriptBuildPhase section */

/* Begin PBXSourcesBuildPhase section */
		918358AB20CE77CC006F886E /* Sources */ = {
			isa = PBXSourcesBuildPhase;
			buildActionMask = 2147483647;
			files = (
				918358B520CE77CC006F886E /* ViewController.swift in Sources */,
				918358B320CE77CC006F886E /* AppDelegate.swift in Sources */,
			);
			runOnlyForDeploymentPostprocessing = 0;
		};
/* End PBXSourcesBuildPhase section */

/* Begin PBXVariantGroup section */
		918358B620CE77CC006F886E /* Main.storyboard */ = {
			isa = PBXVariantGroup;
			children = (
				918358B720CE77CC006F886E /* Base */,
			);
			name = Main.storyboard;
			sourceTree = "<group>";
		};
		918358BB20CE77CD006F886E /* LaunchScreen.storyboard */ = {
			isa = PBXVariantGroup;
			children = (
				918358BC20CE77CD006F886E /* Base */,
			);
			name = LaunchScreen.storyboard;
			sourceTree = "<group>";
		};
/* End PBXVariantGroup section */

/* Begin XCBuildConfiguration section */
		918358BF20CE77CD006F886E /* Debug */ = {
			isa = XCBuildConfiguration;
			buildSettings = {
				ALWAYS_SEARCH_USER_PATHS = NO;
				CLANG_ANALYZER_NONNULL = YES;
				CLANG_ANALYZER_NUMBER_OBJECT_CONVERSION = YES_AGGRESSIVE;
				CLANG_CXX_LANGUAGE_STANDARD = "gnu++14";
				CLANG_CXX_LIBRARY = "libc++";
				CLANG_ENABLE_MODULES = YES;
				CLANG_ENABLE_OBJC_ARC = YES;
				CLANG_ENABLE_OBJC_WEAK = YES;
				CLANG_WARN_BLOCK_CAPTURE_AUTORELEASING = YES;
				CLANG_WARN_BOOL_CONVERSION = YES;
				CLANG_WARN_COMMA = YES;
				CLANG_WARN_CONSTANT_CONVERSION = YES;
				CLANG_WARN_DEPRECATED_OBJC_IMPLEMENTATIONS = YES;
				CLANG_WARN_DIRECT_OBJC_ISA_USAGE = YES_ERROR;
				CLANG_WARN_DOCUMENTATION_COMMENTS = YES;
				CLANG_WARN_EMPTY_BODY = YES;
				CLANG_WARN_ENUM_CONVERSION = YES;
				CLANG_WARN_INFINITE_RECURSION = YES;
				CLANG_WARN_INT_CONVERSION = YES;
				CLANG_WARN_NON_LITERAL_NULL_CONVERSION = YES;
				CLANG_WARN_OBJC_IMPLICIT_RETAIN_SELF = YES;
				CLANG_WARN_OBJC_LITERAL_CONVERSION = YES;
				CLANG_WARN_OBJC_ROOT_CLASS = YES_ERROR;
				CLANG_WARN_RANGE_LOOP_ANALYSIS = YES;
				CLANG_WARN_STRICT_PROTOTYPES = YES;
				CLANG_WARN_SUSPICIOUS_MOVE = YES;
				CLANG_WARN_UNGUARDED_AVAILABILITY = YES_AGGRESSIVE;
				CLANG_WARN_UNREACHABLE_CODE = YES;
				CLANG_WARN__DUPLICATE_METHOD_MATCH = YES;
				CODE_SIGN_IDENTITY = "iPhone Developer";
				COPY_PHASE_STRIP = NO;
				DEBUG_INFORMATION_FORMAT = dwarf;
				ENABLE_STRICT_OBJC_MSGSEND = YES;
				ENABLE_TESTABILITY = YES;
				GCC_C_LANGUAGE_STANDARD = gnu11;
				GCC_DYNAMIC_NO_PIC = NO;
				GCC_NO_COMMON_BLOCKS = YES;
				GCC_OPTIMIZATION_LEVEL = 0;
				GCC_PREPROCESSOR_DEFINITIONS = (
					"DEBUG=1",
					"$(inherited)",
				);
				GCC_WARN_64_TO_32_BIT_CONVERSION = YES;
				GCC_WARN_ABOUT_RETURN_TYPE = YES_ERROR;
				GCC_WARN_UNDECLARED_SELECTOR = YES;
				GCC_WARN_UNINITIALIZED_AUTOS = YES_AGGRESSIVE;
				GCC_WARN_UNUSED_FUNCTION = YES;
				GCC_WARN_UNUSED_VARIABLE = YES;
				IPHONEOS_DEPLOYMENT_TARGET = 11.4;
				MTL_ENABLE_DEBUG_INFO = YES;
				ONLY_ACTIVE_ARCH = YES;
				SDKROOT = iphoneos;
				SWIFT_ACTIVE_COMPILATION_CONDITIONS = DEBUG;
				SWIFT_OPTIMIZATION_LEVEL = "-Onone";
			};
			name = Debug;
		};
		918358C020CE77CD006F886E /* Release */ = {
			isa = XCBuildConfiguration;
			buildSettings = {
				ALWAYS_SEARCH_USER_PATHS = NO;
				CLANG_ANALYZER_NONNULL = YES;
				CLANG_ANALYZER_NUMBER_OBJECT_CONVERSION = YES_AGGRESSIVE;
				CLANG_CXX_LANGUAGE_STANDARD = "gnu++14";
				CLANG_CXX_LIBRARY = "libc++";
				CLANG_ENABLE_MODULES = YES;
				CLANG_ENABLE_OBJC_ARC = YES;
				CLANG_ENABLE_OBJC_WEAK = YES;
				CLANG_WARN_BLOCK_CAPTURE_AUTORELEASING = YES;
				CLANG_WARN_BOOL_CONVERSION = YES;
				CLANG_WARN_COMMA = YES;
				CLANG_WARN_CONSTANT_CONVERSION = YES;
				CLANG_WARN_DEPRECATED_OBJC_IMPLEMENTATIONS = YES;
				CLANG_WARN_DIRECT_OBJC_ISA_USAGE = YES_ERROR;
				CLANG_WARN_DOCUMENTATION_COMMENTS = YES;
				CLANG_WARN_EMPTY_BODY = YES;
				CLANG_WARN_ENUM_CONVERSION = YES;
				CLANG_WARN_INFINITE_RECURSION = YES;
				CLANG_WARN_INT_CONVERSION = YES;
				CLANG_WARN_NON_LITERAL_NULL_CONVERSION = YES;
				CLANG_WARN_OBJC_IMPLICIT_RETAIN_SELF = YES;
				CLANG_WARN_OBJC_LITERAL_CONVERSION = YES;
				CLANG_WARN_OBJC_ROOT_CLASS = YES_ERROR;
				CLANG_WARN_RANGE_LOOP_ANALYSIS = YES;
				CLANG_WARN_STRICT_PROTOTYPES = YES;
				CLANG_WARN_SUSPICIOUS_MOVE = YES;
				CLANG_WARN_UNGUARDED_AVAILABILITY = YES_AGGRESSIVE;
				CLANG_WARN_UNREACHABLE_CODE = YES;
				CLANG_WARN__DUPLICATE_METHOD_MATCH = YES;
				CODE_SIGN_IDENTITY = "iPhone Developer";
				COPY_PHASE_STRIP = NO;
				DEBUG_INFORMATION_FORMAT = "dwarf-with-dsym";
				ENABLE_NS_ASSERTIONS = NO;
				ENABLE_STRICT_OBJC_MSGSEND = YES;
				GCC_C_LANGUAGE_STANDARD = gnu11;
				GCC_NO_COMMON_BLOCKS = YES;
				GCC_WARN_64_TO_32_BIT_CONVERSION = YES;
				GCC_WARN_ABOUT_RETURN_TYPE = YES_ERROR;
				GCC_WARN_UNDECLARED_SELECTOR = YES;
				GCC_WARN_UNINITIALIZED_AUTOS = YES_AGGRESSIVE;
				GCC_WARN_UNUSED_FUNCTION = YES;
				GCC_WARN_UNUSED_VARIABLE = YES;
				IPHONEOS_DEPLOYMENT_TARGET = 11.4;
				MTL_ENABLE_DEBUG_INFO = NO;
				SDKROOT = iphoneos;
				SWIFT_COMPILATION_MODE = wholemodule;
				SWIFT_OPTIMIZATION_LEVEL = "-O";
				VALIDATE_PRODUCT = YES;
			};
			name = Release;
		};
		918358C220CE77CD006F886E /* Debug */ = {
			isa = XCBuildConfiguration;
			baseConfigurationReference = 550FED3D36A067DAF44FB9A9 /* Pods-SectionSelect.debug.xcconfig */;
			buildSettings = {
				ASSETCATALOG_COMPILER_APPICON_NAME = AppIcon;
				CODE_SIGN_STYLE = Automatic;
				DEVELOPMENT_TEAM = HY634B3FW2;
				INFOPLIST_FILE = SectionSelect/Info.plist;
				LD_RUNPATH_SEARCH_PATHS = (
					"$(inherited)",
					"@executable_path/Frameworks",
				);
				PRODUCT_BUNDLE_IDENTIFIER = org.dianqk.SectionSelect;
				PRODUCT_NAME = "$(TARGET_NAME)";
				SWIFT_VERSION = 4.0;
				TARGETED_DEVICE_FAMILY = "1,2";
			};
			name = Debug;
		};
		918358C320CE77CD006F886E /* Release */ = {
			isa = XCBuildConfiguration;
			baseConfigurationReference = A4963FFAD065E5943F0E3242 /* Pods-SectionSelect.release.xcconfig */;
			buildSettings = {
				ASSETCATALOG_COMPILER_APPICON_NAME = AppIcon;
				CODE_SIGN_STYLE = Automatic;
				DEVELOPMENT_TEAM = HY634B3FW2;
				INFOPLIST_FILE = SectionSelect/Info.plist;
				LD_RUNPATH_SEARCH_PATHS = (
					"$(inherited)",
					"@executable_path/Frameworks",
				);
				PRODUCT_BUNDLE_IDENTIFIER = org.dianqk.SectionSelect;
				PRODUCT_NAME = "$(TARGET_NAME)";
				SWIFT_VERSION = 4.0;
				TARGETED_DEVICE_FAMILY = "1,2";
			};
			name = Release;
		};
/* End XCBuildConfiguration section */

/* Begin XCConfigurationList section */
		918358AA20CE77CC006F886E /* Build configuration list for PBXProject "SectionSelect" */ = {
			isa = XCConfigurationList;
			buildConfigurations = (
				918358BF20CE77CD006F886E /* Debug */,
				918358C020CE77CD006F886E /* Release */,
			);
			defaultConfigurationIsVisible = 0;
			defaultConfigurationName = Release;
		};
		918358C120CE77CD006F886E /* Build configuration list for PBXNativeTarget "SectionSelect" */ = {
			isa = XCConfigurationList;
			buildConfigurations = (
				918358C220CE77CD006F886E /* Debug */,
				918358C320CE77CD006F886E /* Release */,
			);
			defaultConfigurationIsVisible = 0;
			defaultConfigurationName = Release;
		};
/* End XCConfigurationList section */
	};
	rootObject = 918358A720CE77CC006F886E /* Project object */;
}
